
Microsoft Visual Studio Solution File, Format Version 12.00
# Visual Studio 15
Project("{FAE04EC0-301F-11D3-BF4B-00C04F79EFBC}") = "Assembly-CSharp", "Assembly-CSharp.csproj", "{A6270111-4919-2FF9-F2EB-13FABB4ACC5A}"
EndProject
Project("{FAE04EC0-301F-11D3-BF4B-00C04F79EFBC}") = "Assembly-CSharp-Editor", "Assembly-CSharp-Editor.csproj", "{5931E9A7-FA35-C8EC-B75E-C270AFBA2404}"
EndProject
Global
	GlobalSection(SolutionConfigurationPlatforms) = preSolution
		Debug|Any CPU = Debug|Any CPU
		Release|Any CPU = Release|Any CPU
	EndGlobalSection
	GlobalSection(ProjectConfigurationPlatforms) = postSolution
		{A6270111-4919-2FF9-F2EB-13FABB4ACC5A}.Debug|Any CPU.ActiveCfg = Debug|Any CPU
		{A6270111-4919-2FF9-F2EB-13FABB4ACC5A}.Debug|Any CPU.Build.0 = Debug|Any CPU
		{A6270111-4919-2FF9-F2EB-13FABB4ACC5A}.Release|Any CPU.ActiveCfg = Release|Any CPU
		{A6270111-4919-2FF9-F2EB-13FABB4ACC5A}.Release|Any CPU.Build.0 = Release|Any CPU
		{5931E9A7-FA35-C8EC-B75E-C270AFBA2404}.Debug|Any CPU.ActiveCfg = Debug|Any CPU
		{5931E9A7-FA35-C8EC-B75E-C270AFBA2404}.Debug|Any CPU.Build.0 = Debug|Any CPU
		{5931E9A7-FA35-C8EC-B75E-C270AFBA2404}.Release|Any CPU.ActiveCfg = Release|Any CPU
		{5931E9A7-FA35-C8EC-B75E-C270AFBA2404}.Release|Any CPU.Build.0 = Release|Any CPU
	EndGlobalSection
	GlobalSection(SolutionProperties) = preSolution
		HideSolutionNode = FALSE
	EndGlobalSection
EndGlobal
